
Microsoft Visual Studio Solution File, Format Version 12.00
# Visual Studio Version 16
VisualStudioVersion = 16.0.29806.167
MinimumVisualStudioVersion = 10.0.40219.1
Project("{FAE04EC0-301F-11D3-BF4B-00C04F79EFBC}") = "BigServiceNorthwind", "BigServiceNorthwind\BigServiceNorthwind.csproj", "{289E77EC-DC6B-485B-B367-B04B3B3A3C7F}"
EndProject
Global
	GlobalSection(SolutionConfigurationPlatforms) = preSolution
		Debug|Any CPU = Debug|Any CPU
		Release|Any CPU = Release|Any CPU
	EndGlobalSection
	GlobalSection(ProjectConfigurationPlatforms) = postSolution
		{289E77EC-DC6B-485B-B367-B04B3B3A3C7F}.Debug|Any CPU.ActiveCfg = Debug|Any CPU
		{289E77EC-DC6B-485B-B367-B04B3B3A3C7F}.Debug|Any CPU.Build.0 = Debug|Any CPU
		{289E77EC-DC6B-485B-B367-B04B3B3A3C7F}.Release|Any CPU.ActiveCfg = Release|Any CPU
		{289E77EC-DC6B-485B-B367-B04B3B3A3C7F}.Release|Any CPU.Build.0 = Release|Any CPU
	EndGlobalSection
	GlobalSection(SolutionProperties) = preSolution
		HideSolutionNode = FALSE
	EndGlobalSection
	GlobalSection(ExtensibilityGlobals) = postSolution
		SolutionGuid = {E8445FD0-1E11-4B4F-975B-FA6EDC25ED42}
	EndGlobalSection
EndGlobal
